
Microsoft Visual Studio Solution File, Format Version 12.00
# Visual Studio Version 17
VisualStudioVersion = 17.11.35327.3
MinimumVisualStudioVersion = 10.0.40219.1
Project("{8BC9CEB8-8B4A-11D0-8D11-00A0C91BC942}") = "BoostTesting", "BoostTesting.vcxproj", "{71453E08-A285-40BA-9C01-3717611E7D44}"
EndProject
Global
	GlobalSection(SolutionConfigurationPlatforms) = preSolution
		Debug|x64 = Debug|x64
		Debug|x86 = Debug|x86
		Release|x64 = Release|x64
		Release|x86 = Release|x86
	EndGlobalSection
	GlobalSection(ProjectConfigurationPlatforms) = postSolution
		{71453E08-A285-40BA-9C01-3717611E7D44}.Debug|x64.ActiveCfg = Debug|x64
		{71453E08-A285-40BA-9C01-3717611E7D44}.Debug|x64.Build.0 = Debug|x64
		{71453E08-A285-40BA-9C01-3717611E7D44}.Debug|x86.ActiveCfg = Debug|Win32
		{71453E08-A285-40BA-9C01-3717611E7D44}.Debug|x86.Build.0 = Debug|Win32
		{71453E08-A285-40BA-9C01-3717611E7D44}.Release|x64.ActiveCfg = Release|x64
		{71453E08-A285-40BA-9C01-3717611E7D44}.Release|x64.Build.0 = Release|x64
		{71453E08-A285-40BA-9C01-3717611E7D44}.Release|x86.ActiveCfg = Release|Win32
		{71453E08-A285-40BA-9C01-3717611E7D44}.Release|x86.Build.0 = Release|Win32
	EndGlobalSection
	GlobalSection(SolutionProperties) = preSolution
		HideSolutionNode = FALSE
	EndGlobalSection
	GlobalSection(ExtensibilityGlobals) = postSolution
		SolutionGuid = {67364A04-9934-44A6-A6F0-E063AE99F5B1}
	EndGlobalSection
EndGlobal
